// !$*UTF8*$!
{
	archiveVersion = 1;
	classes = {
	};
	objectVersion = 50;
	objects = {

/* Begin PBXBuildFile section */
		01416EE3213EADA2008259B4 /* AppDelegate.swift in Sources */ = {isa = PBXBuildFile; fileRef = 01416EE2213EADA2008259B4 /* AppDelegate.swift */; };
		01416EE5213EADA2008259B4 /* HomeController.swift in Sources */ = {isa = PBXBuildFile; fileRef = 01416EE4213EADA2008259B4 /* HomeController.swift */; };
		01416EE8213EADA2008259B4 /* Main.storyboard in Resources */ = {isa = PBXBuildFile; fileRef = 01416EE6213EADA2008259B4 /* Main.storyboard */; };
		01416EEA213EADA3008259B4 /* Assets.xcassets in Resources */ = {isa = PBXBuildFile; fileRef = 01416EE9213EADA3008259B4 /* Assets.xcassets */; };
		01416EED213EADA3008259B4 /* LaunchScreen.storyboard in Resources */ = {isa = PBXBuildFile; fileRef = 01416EEB213EADA3008259B4 /* LaunchScreen.storyboard */; };
		01416F00213FB8B0008259B4 /* CollectionViewCustomCell.swift in Sources */ = {isa = PBXBuildFile; fileRef = 01416EFF213FB8B0008259B4 /* CollectionViewCustomCell.swift */; };
		01416F04213FB9E1008259B4 /* CollectionViewSupplementaryFooter.swift in Sources */ = {isa = PBXBuildFile; fileRef = 01416F03213FB9E1008259B4 /* CollectionViewSupplementaryFooter.swift */; };
		01416F06213FBACA008259B4 /* CollectionViewSupplementaryHeader.swift in Sources */ = {isa = PBXBuildFile; fileRef = 01416F05213FBACA008259B4 /* CollectionViewSupplementaryHeader.swift */; };
		01416F08213FBD04008259B4 /* User.swift in Sources */ = {isa = PBXBuildFile; fileRef = 01416F07213FBD04008259B4 /* User.swift */; };
		01416F0B213FBE6A008259B4 /* CollectionViewFlowLayout.swift in Sources */ = {isa = PBXBuildFile; fileRef = 01416F0A213FBE6A008259B4 /* CollectionViewFlowLayout.swift */; };
		01416F0D213FE9E9008259B4 /* UICollectionView+IDs.swift in Sources */ = {isa = PBXBuildFile; fileRef = 01416F0C213FE9E9008259B4 /* UICollectionView+IDs.swift */; };
		01416F0F213FEE17008259B4 /* LBTAComponents in Resources */ = {isa = PBXBuildFile; fileRef = 01416F0E213FEE17008259B4 /* LBTAComponents */; };
		01416F12213FEF2D008259B4 /* StateController.swift in Sources */ = {isa = PBXBuildFile; fileRef = 01416F11213FEF2D008259B4 /* StateController.swift */; };
/* End PBXBuildFile section */

/* Begin PBXFileReference section */
		01416EDF213EADA2008259B4 /* Twitter-Recreated.app */ = {isa = PBXFileReference; explicitFileType = wrapper.application; includeInIndex = 0; path = "Twitter-Recreated.app"; sourceTree = BUILT_PRODUCTS_DIR; };
		01416EE2213EADA2008259B4 /* AppDelegate.swift */ = {isa = PBXFileReference; lastKnownFileType = sourcecode.swift; path = AppDelegate.swift; sourceTree = "<group>"; };
		01416EE4213EADA2008259B4 /* HomeController.swift */ = {isa = PBXFileReference; lastKnownFileType = sourcecode.swift; path = HomeController.swift; sourceTree = "<group>"; };
		01416EE7213EADA2008259B4 /* Base */ = {isa = PBXFileReference; lastKnownFileType = file.storyboard; name = Base; path = Base.lproj/Main.storyboard; sourceTree = "<group>"; };
		01416EE9213EADA3008259B4 /* Assets.xcassets */ = {isa = PBXFileReference; lastKnownFileType = folder.assetcatalog; path = Assets.xcassets; sourceTree = "<group>"; };
		01416EEC213EADA3008259B4 /* Base */ = {isa = PBXFileReference; lastKnownFileType = file.storyboard; name = Base; path = Base.lproj/LaunchScreen.storyboard; sourceTree = "<group>"; };
		01416EEE213EADA3008259B4 /* Info.plist */ = {isa = PBXFileReference; lastKnownFileType = text.plist.xml; path = Info.plist; sourceTree = "<group>"; };
		01416EFF213FB8B0008259B4 /* CollectionViewCustomCell.swift */ = {isa = PBXFileReference; lastKnownFileType = sourcecode.swift; path = CollectionViewCustomCell.swift; sourceTree = "<group>"; };
		01416F03213FB9E1008259B4 /* CollectionViewSupplementaryFooter.swift */ = {isa = PBXFileReference; lastKnownFileType = sourcecode.swift; path = CollectionViewSupplementaryFooter.swift; sourceTree = "<group>"; };
		01416F05213FBACA008259B4 /* CollectionViewSupplementaryHeader.swift */ = {isa = PBXFileReference; lastKnownFileType = sourcecode.swift; path = CollectionViewSupplementaryHeader.swift; sourceTree = "<group>"; };
		01416F07213FBD04008259B4 /* User.swift */ = {isa = PBXFileReference; lastKnownFileType = sourcecode.swift; path = User.swift; sourceTree = "<group>"; };
		01416F0A213FBE6A008259B4 /* CollectionViewFlowLayout.swift */ = {isa = PBXFileReference; lastKnownFileType = sourcecode.swift; path = CollectionViewFlowLayout.swift; sourceTree = "<group>"; };
		01416F0C213FE9E9008259B4 /* UICollectionView+IDs.swift */ = {isa = PBXFileReference; lastKnownFileType = sourcecode.swift; path = "UICollectionView+IDs.swift"; sourceTree = "<group>"; };
		01416F0E213FEE17008259B4 /* LBTAComponents */ = {isa = PBXFileReference; lastKnownFileType = folder; path = LBTAComponents; sourceTree = "<group>"; };
		01416F11213FEF2D008259B4 /* StateController.swift */ = {isa = PBXFileReference; lastKnownFileType = sourcecode.swift; path = StateController.swift; sourceTree = "<group>"; };
/* End PBXFileReference section */

/* Begin PBXFrameworksBuildPhase section */
		01416EDC213EADA2008259B4 /* Frameworks */ = {
			isa = PBXFrameworksBuildPhase;
			buildActionMask = 2147483647;
			files = (
			);
			runOnlyForDeploymentPostprocessing = 0;
		};
/* End PBXFrameworksBuildPhase section */

/* Begin PBXGroup section */
		01416ED6213EADA2008259B4 = {
			isa = PBXGroup;
			children = (
				01416EE1213EADA2008259B4 /* Twitter-Recreated */,
				01416EE0213EADA2008259B4 /* Products */,
			);
			sourceTree = "<group>";
		};
		01416EE0213EADA2008259B4 /* Products */ = {
			isa = PBXGroup;
			children = (
				01416EDF213EADA2008259B4 /* Twitter-Recreated.app */,
			);
			name = Products;
			sourceTree = "<group>";
		};
		01416EE1213EADA2008259B4 /* Twitter-Recreated */ = {
			isa = PBXGroup;
			children = (
				01416EF7213FAFF7008259B4 /* App */,
			);
			path = "Twitter-Recreated";
			sourceTree = "<group>";
		};
		01416EF4213EADF0008259B4 /* Views */ = {
			isa = PBXGroup;
			children = (
				01416EEB213EADA3008259B4 /* LaunchScreen.storyboard */,
				01416EE6213EADA2008259B4 /* Main.storyboard */,
				01416EFC213FB831008259B4 /* CollectionView Header */,
				01416EFE213FB850008259B4 /* CollectionView Cell */,
				01416EFD213FB847008259B4 /* CollectionView Footer */,
				01416F09213FBD98008259B4 /* CollectionView Layout */,
			);
			path = Views;
			sourceTree = "<group>";
		};
		01416EF5213EADF7008259B4 /* Models */ = {
			isa = PBXGroup;
			children = (
				01416F07213FBD04008259B4 /* User.swift */,
			);
			path = Models;
			sourceTree = "<group>";
		};
		01416EF6213FAFED008259B4 /* View Controllers */ = {
			isa = PBXGroup;
			children = (
				01416EE4213EADA2008259B4 /* HomeController.swift */,
				01416F0C213FE9E9008259B4 /* UICollectionView+IDs.swift */,
			);
			path = "View Controllers";
			sourceTree = "<group>";
		};
		01416EF7213FAFF7008259B4 /* App */ = {
			isa = PBXGroup;
			children = (
				01416EF8213FB015008259B4 /* AppDelegate */,
				01416EF4213EADF0008259B4 /* Views */,
				01416EF6213FAFED008259B4 /* View Controllers */,
				01416F10213FEF02008259B4 /* Model Controllers */,
				01416EF5213EADF7008259B4 /* Models */,
				01416EF9213FB037008259B4 /* Resources */,
				01416EFA213FB041008259B4 /* Supporting Files */,
				01416F0E213FEE17008259B4 /* LBTAComponents */,
			);
			path = App;
			sourceTree = "<group>";
		};
		01416EF8213FB015008259B4 /* AppDelegate */ = {
			isa = PBXGroup;
			children = (
				01416EE2213EADA2008259B4 /* AppDelegate.swift */,
			);
			path = AppDelegate;
			sourceTree = "<group>";
		};
		01416EF9213FB037008259B4 /* Resources */ = {
			isa = PBXGroup;
			children = (
				01416EE9213EADA3008259B4 /* Assets.xcassets */,
			);
			path = Resources;
			sourceTree = "<group>";
		};
		01416EFA213FB041008259B4 /* Supporting Files */ = {
			isa = PBXGroup;
			children = (
				01416EEE213EADA3008259B4 /* Info.plist */,
			);
			path = "Supporting Files";
			sourceTree = "<group>";
		};
		01416EFC213FB831008259B4 /* CollectionView Header */ = {
			isa = PBXGroup;
			children = (
				01416F05213FBACA008259B4 /* CollectionViewSupplementaryHeader.swift */,
			);
			path = "CollectionView Header";
			sourceTree = "<group>";
		};
		01416EFD213FB847008259B4 /* CollectionView Footer */ = {
			isa = PBXGroup;
			children = (
				01416F03213FB9E1008259B4 /* CollectionViewSupplementaryFooter.swift */,
			);
			path = "CollectionView Footer";
			sourceTree = "<group>";
		};
		01416EFE213FB850008259B4 /* CollectionView Cell */ = {
			isa = PBXGroup;
			children = (
				01416EFF213FB8B0008259B4 /* CollectionViewCustomCell.swift */,
			);
			path = "CollectionView Cell";
			sourceTree = "<group>";
		};
		01416F09213FBD98008259B4 /* CollectionView Layout */ = {
			isa = PBXGroup;
			children = (
				01416F0A213FBE6A008259B4 /* CollectionViewFlowLayout.swift */,
			);
			path = "CollectionView Layout";
			sourceTree = "<group>";
		};
		01416F10213FEF02008259B4 /* Model Controllers */ = {
			isa = PBXGroup;
			children = (
				01416F11213FEF2D008259B4 /* StateController.swift */,
			);
			path = "Model Controllers";
			sourceTree = "<group>";
		};
/* End PBXGroup section */

/* Begin PBXNativeTarget section */
		01416EDE213EADA2008259B4 /* Twitter-Recreated */ = {
			isa = PBXNativeTarget;
			buildConfigurationList = 01416EF1213EADA3008259B4 /* Build configuration list for PBXNativeTarget "Twitter-Recreated" */;
			buildPhases = (
				01416EDB213EADA2008259B4 /* Sources */,
				01416EDC213EADA2008259B4 /* Frameworks */,
				01416EDD213EADA2008259B4 /* Resources */,
			);
			buildRules = (
			);
			dependencies = (
			);
			name = "Twitter-Recreated";
			productName = "Twitter-Recreated";
			productReference = 01416EDF213EADA2008259B4 /* Twitter-Recreated.app */;
			productType = "com.apple.product-type.application";
		};
/* End PBXNativeTarget section */

/* Begin PBXProject section */
		01416ED7213EADA2008259B4 /* Project object */ = {
			isa = PBXProject;
			attributes = {
				LastSwiftUpdateCheck = 0940;
				LastUpgradeCheck = 0940;
				ORGANIZATIONNAME = "Himanshu Dagar";
				TargetAttributes = {
					01416EDE213EADA2008259B4 = {
						CreatedOnToolsVersion = 9.4.1;
					};
				};
			};
			buildConfigurationList = 01416EDA213EADA2008259B4 /* Build configuration list for PBXProject "Twitter-Recreated" */;
			compatibilityVersion = "Xcode 9.3";
			developmentRegion = en;
			hasScannedForEncodings = 0;
			knownRegions = (
				en,
				Base,
			);
			mainGroup = 01416ED6213EADA2008259B4;
			productRefGroup = 01416EE0213EADA2008259B4 /* Products */;
			projectDirPath = "";
			projectRoot = "";
			targets = (
				01416EDE213EADA2008259B4 /* Twitter-Recreated */,
			);
		};
/* End PBXProject section */

/* Begin PBXResourcesBuildPhase section */
		01416EDD213EADA2008259B4 /* Resources */ = {
			isa = PBXResourcesBuildPhase;
			buildActionMask = 2147483647;
			files = (
				01416EED213EADA3008259B4 /* LaunchScreen.storyboard in Resources */,
				01416EEA213EADA3008259B4 /* Assets.xcassets in Resources */,
				01416EE8213EADA2008259B4 /* Main.storyboard in Resources */,
				01416F0F213FEE17008259B4 /* LBTAComponents in Resources */,
			);
			runOnlyForDeploymentPostprocessing = 0;
		};
/* End PBXResourcesBuildPhase section */

/* Begin PBXSourcesBuildPhase section */
		01416EDB213EADA2008259B4 /* Sources */ = {
			isa = PBXSourcesBuildPhase;
			buildActionMask = 2147483647;
			files = (
				01416F0B213FBE6A008259B4 /* CollectionViewFlowLayout.swift in Sources */,
				01416EE5213EADA2008259B4 /* HomeController.swift in Sources */,
				01416F00213FB8B0008259B4 /* CollectionViewCustomCell.swift in Sources */,
				01416F08213FBD04008259B4 /* User.swift in Sources */,
				01416F12213FEF2D008259B4 /* StateController.swift in Sources */,
				01416EE3213EADA2008259B4 /* AppDelegate.swift in Sources */,
				01416F0D213FE9E9008259B4 /* UICollectionView+IDs.swift in Sources */,
				01416F04213FB9E1008259B4 /* CollectionViewSupplementaryFooter.swift in Sources */,
				01416F06213FBACA008259B4 /* CollectionViewSupplementaryHeader.swift in Sources */,
			);
			runOnlyForDeploymentPostprocessing = 0;
		};
/* End PBXSourcesBuildPhase section */

/* Begin PBXVariantGroup section */
		01416EE6213EADA2008259B4 /* Main.storyboard */ = {
			isa = PBXVariantGroup;
			children = (
				01416EE7213EADA2008259B4 /* Base */,
			);
			name = Main.storyboard;
			sourceTree = "<group>";
		};
		01416EEB213EADA3008259B4 /* LaunchScreen.storyboard */ = {
			isa = PBXVariantGroup;
			children = (
				01416EEC213EADA3008259B4 /* Base */,
			);
			name = LaunchScreen.storyboard;
			sourceTree = "<group>";
		};
/* End PBXVariantGroup section */

/* Begin XCBuildConfiguration section */
		01416EEF213EADA3008259B4 /* Debug */ = {
			isa = XCBuildConfiguration;
			buildSettings = {
				ALWAYS_SEARCH_USER_PATHS = NO;
				CLANG_ANALYZER_NONNULL = YES;
				CLANG_ANALYZER_NUMBER_OBJECT_CONVERSION = YES_AGGRESSIVE;
				CLANG_CXX_LANGUAGE_STANDARD = "gnu++14";
				CLANG_CXX_LIBRARY = "libc++";
				CLANG_ENABLE_MODULES = YES;
				CLANG_ENABLE_OBJC_ARC = YES;
				CLANG_ENABLE_OBJC_WEAK = YES;
				CLANG_WARN_BLOCK_CAPTURE_AUTORELEASING = YES;
				CLANG_WARN_BOOL_CONVERSION = YES;
				CLANG_WARN_COMMA = YES;
				CLANG_WARN_CONSTANT_CONVERSION = YES;
				CLANG_WARN_DEPRECATED_OBJC_IMPLEMENTATIONS = YES;
				CLANG_WARN_DIRECT_OBJC_ISA_USAGE = YES_ERROR;
				CLANG_WARN_DOCUMENTATION_COMMENTS = YES;
				CLANG_WARN_EMPTY_BODY = YES;
				CLANG_WARN_ENUM_CONVERSION = YES;
				CLANG_WARN_INFINITE_RECURSION = YES;
				CLANG_WARN_INT_CONVERSION = YES;
				CLANG_WARN_NON_LITERAL_NULL_CONVERSION = YES;
				CLANG_WARN_OBJC_IMPLICIT_RETAIN_SELF = YES;
				CLANG_WARN_OBJC_LITERAL_CONVERSION = YES;
				CLANG_WARN_OBJC_ROOT_CLASS = YES_ERROR;
				CLANG_WARN_RANGE_LOOP_ANALYSIS = YES;
				CLANG_WARN_STRICT_PROTOTYPES = YES;
				CLANG_WARN_SUSPICIOUS_MOVE = YES;
				CLANG_WARN_UNGUARDED_AVAILABILITY = YES_AGGRESSIVE;
				CLANG_WARN_UNREACHABLE_CODE = YES;
				CLANG_WARN__DUPLICATE_METHOD_MATCH = YES;
				CODE_SIGN_IDENTITY = "iPhone Developer";
				COPY_PHASE_STRIP = NO;
				DEBUG_INFORMATION_FORMAT = dwarf;
				ENABLE_STRICT_OBJC_MSGSEND = YES;
				ENABLE_TESTABILITY = YES;
				GCC_C_LANGUAGE_STANDARD = gnu11;
				GCC_DYNAMIC_NO_PIC = NO;
				GCC_NO_COMMON_BLOCKS = YES;
				GCC_OPTIMIZATION_LEVEL = 0;
				GCC_PREPROCESSOR_DEFINITIONS = (
					"DEBUG=1",
					"$(inherited)",
				);
				GCC_WARN_64_TO_32_BIT_CONVERSION = YES;
				GCC_WARN_ABOUT_RETURN_TYPE = YES_ERROR;
				GCC_WARN_UNDECLARED_SELECTOR = YES;
				GCC_WARN_UNINITIALIZED_AUTOS = YES_AGGRESSIVE;
				GCC_WARN_UNUSED_FUNCTION = YES;
				GCC_WARN_UNUSED_VARIABLE = YES;
				IPHONEOS_DEPLOYMENT_TARGET = 11.4;
				MTL_ENABLE_DEBUG_INFO = YES;
				ONLY_ACTIVE_ARCH = YES;
				SDKROOT = iphoneos;
				SWIFT_ACTIVE_COMPILATION_CONDITIONS = DEBUG;
				SWIFT_OPTIMIZATION_LEVEL = "-Onone";
			};
			name = Debug;
		};
		01416EF0213EADA3008259B4 /* Release */ = {
			isa = XCBuildConfiguration;
			buildSettings = {
				ALWAYS_SEARCH_USER_PATHS = NO;
				CLANG_ANALYZER_NONNULL = YES;
				CLANG_ANALYZER_NUMBER_OBJECT_CONVERSION = YES_AGGRESSIVE;
				CLANG_CXX_LANGUAGE_STANDARD = "gnu++14";
				CLANG_CXX_LIBRARY = "libc++";
				CLANG_ENABLE_MODULES = YES;
				CLANG_ENABLE_OBJC_ARC = YES;
				CLANG_ENABLE_OBJC_WEAK = YES;
				CLANG_WARN_BLOCK_CAPTURE_AUTORELEASING = YES;
				CLANG_WARN_BOOL_CONVERSION = YES;
				CLANG_WARN_COMMA = YES;
				CLANG_WARN_CONSTANT_CONVERSION = YES;
				CLANG_WARN_DEPRECATED_OBJC_IMPLEMENTATIONS = YES;
				CLANG_WARN_DIRECT_OBJC_ISA_USAGE = YES_ERROR;
				CLANG_WARN_DOCUMENTATION_COMMENTS = YES;
				CLANG_WARN_EMPTY_BODY = YES;
				CLANG_WARN_ENUM_CONVERSION = YES;
				CLANG_WARN_INFINITE_RECURSION = YES;
				CLANG_WARN_INT_CONVERSION = YES;
				CLANG_WARN_NON_LITERAL_NULL_CONVERSION = YES;
				CLANG_WARN_OBJC_IMPLICIT_RETAIN_SELF = YES;
				CLANG_WARN_OBJC_LITERAL_CONVERSION = YES;
				CLANG_WARN_OBJC_ROOT_CLASS = YES_ERROR;
				CLANG_WARN_RANGE_LOOP_ANALYSIS = YES;
				CLANG_WARN_STRICT_PROTOTYPES = YES;
				CLANG_WARN_SUSPICIOUS_MOVE = YES;
				CLANG_WARN_UNGUARDED_AVAILABILITY = YES_AGGRESSIVE;
				CLANG_WARN_UNREACHABLE_CODE = YES;
				CLANG_WARN__DUPLICATE_METHOD_MATCH = YES;
				CODE_SIGN_IDENTITY = "iPhone Developer";
				COPY_PHASE_STRIP = NO;
				DEBUG_INFORMATION_FORMAT = "dwarf-with-dsym";
				ENABLE_NS_ASSERTIONS = NO;
				ENABLE_STRICT_OBJC_MSGSEND = YES;
				GCC_C_LANGUAGE_STANDARD = gnu11;
				GCC_NO_COMMON_BLOCKS = YES;
				GCC_WARN_64_TO_32_BIT_CONVERSION = YES;
				GCC_WARN_ABOUT_RETURN_TYPE = YES_ERROR;
				GCC_WARN_UNDECLARED_SELECTOR = YES;
				GCC_WARN_UNINITIALIZED_AUTOS = YES_AGGRESSIVE;
				GCC_WARN_UNUSED_FUNCTION = YES;
				GCC_WARN_UNUSED_VARIABLE = YES;
				IPHONEOS_DEPLOYMENT_TARGET = 11.4;
				MTL_ENABLE_DEBUG_INFO = NO;
				SDKROOT = iphoneos;
				SWIFT_COMPILATION_MODE = wholemodule;
				SWIFT_OPTIMIZATION_LEVEL = "-O";
				VALIDATE_PRODUCT = YES;
			};
			name = Release;
		};
		01416EF2213EADA3008259B4 /* Debug */ = {
			isa = XCBuildConfiguration;
			buildSettings = {
				ASSETCATALOG_COMPILER_APPICON_NAME = AppIcon;
				CODE_SIGN_STYLE = Automatic;
				DEVELOPMENT_TEAM = 63373X245K;
				INFOPLIST_FILE = "Twitter-Recreated/App/Supporting Files/Info.plist";
				LD_RUNPATH_SEARCH_PATHS = (
					"$(inherited)",
					"@executable_path/Frameworks",
				);
				PRODUCT_BUNDLE_IDENTIFIER = "com.himanshudagarnsit.Twitter-Recreated";
				PRODUCT_NAME = "$(TARGET_NAME)";
				SWIFT_VERSION = 4.0;
				TARGETED_DEVICE_FAMILY = "1,2";
			};
			name = Debug;
		};
		01416EF3213EADA3008259B4 /* Release */ = {
			isa = XCBuildConfiguration;
			buildSettings = {
				ASSETCATALOG_COMPILER_APPICON_NAME = AppIcon;
				CODE_SIGN_STYLE = Automatic;
				DEVELOPMENT_TEAM = 63373X245K;
				INFOPLIST_FILE = "Twitter-Recreated/App/Supporting Files/Info.plist";
				LD_RUNPATH_SEARCH_PATHS = (
					"$(inherited)",
					"@executable_path/Frameworks",
				);
				PRODUCT_BUNDLE_IDENTIFIER = "com.himanshudagarnsit.Twitter-Recreated";
				PRODUCT_NAME = "$(TARGET_NAME)";
				SWIFT_VERSION = 4.0;
				TARGETED_DEVICE_FAMILY = "1,2";
			};
			name = Release;
		};
/* End XCBuildConfiguration section */

/* Begin XCConfigurationList section */
		01416EDA213EADA2008259B4 /* Build configuration list for PBXProject "Twitter-Recreated" */ = {
			isa = XCConfigurationList;
			buildConfigurations = (
				01416EEF213EADA3008259B4 /* Debug */,
				01416EF0213EADA3008259B4 /* Release */,
			);
			defaultConfigurationIsVisible = 0;
			defaultConfigurationName = Release;
		};
		01416EF1213EADA3008259B4 /* Build configuration list for PBXNativeTarget "Twitter-Recreated" */ = {
			isa = XCConfigurationList;
			buildConfigurations = (
				01416EF2213EADA3008259B4 /* Debug */,
				01416EF3213EADA3008259B4 /* Release */,
			);
			defaultConfigurationIsVisible = 0;
			defaultConfigurationName = Release;
		};
/* End XCConfigurationList section */
	};
	rootObject = 01416ED7213EADA2008259B4 /* Project object */;
}
